{
  "nodes": {
    "nixpkgs": {
      "locked": {
        "lastModified": 1691155011,
        "narHash": "sha256-O15tC0ysw+fcacEbOzrDrkVNIR+SgtArSGvpgsEqpvA=",
        "owner": "NixOS",
        "repo": "nixpkgs",
        "rev": "9652a97d9738d3e65cf33c0bc24429e495a7868f",
        "type": "github"
      },
      "original": {
        "owner": "NixOS",
        "ref": "release-23.05",
        "repo": "nixpkgs",
        "type": "github"
      }
    },
    "root": {
      "inputs": {
        "nixpkgs": "nixpkgs",
        "turbo": "turbo",
        "utils": "utils_2"
      }
    },
    "systems": {
      "locked": {
        "lastModified": 1681028828,
        "narHash": "sha256-Vy1rq5AaRuLzOxct8nz4T6wlgyUR7zLU309k9mBC768=",
        "owner": "nix-systems",
        "repo": "default",
        "rev": "da67096a3b9bf56a91d16901293e51ba5b49a27e",
        "type": "github"
      },
      "original": {
        "owner": "nix-systems",
        "repo": "default",
        "type": "github"
      }
    },
    "turbo": {
      "inputs": {
        "nixpkgs": [
          "nixpkgs"
        ],
        "utils": "utils"
      },
      "locked": {
        "lastModified": 1690355740,
        "narHash": "sha256-PrzmSwtyNAlcb5HPZO+spERnkyyG/MeBoXmi570jS9w=",
        "owner": "alexghr",
        "repo": "turborepo.nix",
        "rev": "cec2c91d8af597a43427741072617d058eb8d5e3",
        "type": "github"
      },
      "original": {
        "owner": "alexghr",
        "ref": "v1.10.12",
        "repo": "turborepo.nix",
        "type": "github"
      }
    },
    "utils": {
      "locked": {
        "lastModified": 1676283394,
        "narHash": "sha256-XX2f9c3iySLCw54rJ/CZs+ZK6IQy7GXNY4nSOyu2QG4=",
        "owner": "numtide",
        "repo": "flake-utils",
        "rev": "3db36a8b464d0c4532ba1c7dda728f4576d6d073",
        "type": "github"
      },
      "original": {
        "owner": "numtide",
        "repo": "flake-utils",
        "type": "github"
      }
    },
    "utils_2": {
      "inputs": {
        "systems": "systems"
      },
      "locked": {
        "lastModified": 1689068808,
        "narHash": "sha256-6ixXo3wt24N/melDWjq70UuHQLxGV8jZvooRanIHXw0=",
        "owner": "numtide",
        "repo": "flake-utils",
        "rev": "919d646de7be200f3bf08cb76ae1f09402b6f9b4",
        "type": "github"
      },
      "original": {
        "owner": "numtide",
        "repo": "flake-utils",
        "type": "github"
      }
    }
  },
  "root": "root",
  "version": 7
}
